
Microsoft Visual Studio Solution File, Format Version 12.00
# Visual Studio Version 17
VisualStudioVersion = 17.7.34202.233
MinimumVisualStudioVersion = 10.0.40219.1
Project("{FAE04EC0-301F-11D3-BF4B-00C04F79EFBC}") = "Api", "Api\Api.csproj", "{35D01CAD-0575-4B84-8D25-188CE41B7D50}"
EndProject
Global
	GlobalSection(SolutionConfigurationPlatforms) = preSolution
		Debug|Any CPU = Debug|Any CPU
		Release|Any CPU = Release|Any CPU
	EndGlobalSection
	GlobalSection(ProjectConfigurationPlatforms) = postSolution
		{35D01CAD-0575-4B84-8D25-188CE41B7D50}.Debug|Any CPU.ActiveCfg = Debug|Any CPU
		{35D01CAD-0575-4B84-8D25-188CE41B7D50}.Debug|Any CPU.Build.0 = Debug|Any CPU
		{35D01CAD-0575-4B84-8D25-188CE41B7D50}.Release|Any CPU.ActiveCfg = Release|Any CPU
		{35D01CAD-0575-4B84-8D25-188CE41B7D50}.Release|Any CPU.Build.0 = Release|Any CPU
	EndGlobalSection
	GlobalSection(SolutionProperties) = preSolution
		HideSolutionNode = FALSE
	EndGlobalSection
	GlobalSection(ExtensibilityGlobals) = postSolution
		SolutionGuid = {A8CBF136-595E-4CFF-B727-AA9FB8CBED41}
	EndGlobalSection
EndGlobal
